
Microsoft Visual Studio Solution File, Format Version 12.00
# Visual Studio Version 17
VisualStudioVersion = 17.0.32228.444
MinimumVisualStudioVersion = 10.0.40219.1
Project("{9A19103F-16F7-4668-BE54-9A1E7A4F7556}") = "WiredBrainCoffee.StackApp", "WiredBrainCoffee.StackApp.csproj", "{3FA8FB30-C4B7-4347-96D4-48062DC2E2E7}"
EndProject
Project("{FAE04EC0-301F-11D3-BF4B-00C04F79EFBC}") = "WiredBrainCoffee.StorageApp", "..\WiredBrainCoffee.StorageApp\WiredBrainCoffee.StorageApp.csproj", "{34018DE9-26E1-44BC-94AD-6032015787E0}"
EndProject
Global
	GlobalSection(SolutionConfigurationPlatforms) = preSolution
		Debug|Any CPU = Debug|Any CPU
		Release|Any CPU = Release|Any CPU
	EndGlobalSection
	GlobalSection(ProjectConfigurationPlatforms) = postSolution
		{3FA8FB30-C4B7-4347-96D4-48062DC2E2E7}.Debug|Any CPU.ActiveCfg = Debug|Any CPU
		{3FA8FB30-C4B7-4347-96D4-48062DC2E2E7}.Debug|Any CPU.Build.0 = Debug|Any CPU
		{3FA8FB30-C4B7-4347-96D4-48062DC2E2E7}.Release|Any CPU.ActiveCfg = Release|Any CPU
		{3FA8FB30-C4B7-4347-96D4-48062DC2E2E7}.Release|Any CPU.Build.0 = Release|Any CPU
		{34018DE9-26E1-44BC-94AD-6032015787E0}.Debug|Any CPU.ActiveCfg = Debug|Any CPU
		{34018DE9-26E1-44BC-94AD-6032015787E0}.Debug|Any CPU.Build.0 = Debug|Any CPU
		{34018DE9-26E1-44BC-94AD-6032015787E0}.Release|Any CPU.ActiveCfg = Release|Any CPU
		{34018DE9-26E1-44BC-94AD-6032015787E0}.Release|Any CPU.Build.0 = Release|Any CPU
	EndGlobalSection
	GlobalSection(SolutionProperties) = preSolution
		HideSolutionNode = FALSE
	EndGlobalSection
	GlobalSection(ExtensibilityGlobals) = postSolution
		SolutionGuid = {14A4A1A9-0AA8-4642-903E-8777E7724196}
	EndGlobalSection
EndGlobal
